
Microsoft Visual Studio Solution File, Format Version 12.00
# Visual Studio 15
VisualStudioVersion = 15.0.26430.16
MinimumVisualStudioVersion = 10.0.40219.1
Project("{FAE04EC0-301F-11D3-BF4B-00C04F79EFBC}") = "RunningJournalApi.Acceptance", "OutsideInTesting\RunningJournalApi.Acceptance.csproj", "{4BA0E118-6144-4E7B-9D3B-85ACECE39ACB}"
EndProject
Project("{FAE04EC0-301F-11D3-BF4B-00C04F79EFBC}") = "RunningJournalApi", "RunningJournalApi\RunningJournalApi.csproj", "{655C78A9-A0F1-4633-9EDB-126B19A23310}"
EndProject
Global
	GlobalSection(SolutionConfigurationPlatforms) = preSolution
		Debug|Any CPU = Debug|Any CPU
		Release|Any CPU = Release|Any CPU
	EndGlobalSection
	GlobalSection(ProjectConfigurationPlatforms) = postSolution
		{4BA0E118-6144-4E7B-9D3B-85ACECE39ACB}.Debug|Any CPU.ActiveCfg = Debug|Any CPU
		{4BA0E118-6144-4E7B-9D3B-85ACECE39ACB}.Debug|Any CPU.Build.0 = Debug|Any CPU
		{4BA0E118-6144-4E7B-9D3B-85ACECE39ACB}.Release|Any CPU.ActiveCfg = Release|Any CPU
		{4BA0E118-6144-4E7B-9D3B-85ACECE39ACB}.Release|Any CPU.Build.0 = Release|Any CPU
		{655C78A9-A0F1-4633-9EDB-126B19A23310}.Debug|Any CPU.ActiveCfg = Debug|Any CPU
		{655C78A9-A0F1-4633-9EDB-126B19A23310}.Debug|Any CPU.Build.0 = Debug|Any CPU
		{655C78A9-A0F1-4633-9EDB-126B19A23310}.Release|Any CPU.ActiveCfg = Release|Any CPU
		{655C78A9-A0F1-4633-9EDB-126B19A23310}.Release|Any CPU.Build.0 = Release|Any CPU
	EndGlobalSection
	GlobalSection(SolutionProperties) = preSolution
		HideSolutionNode = FALSE
	EndGlobalSection
EndGlobal
